{
  "name": "user",
  "lockfileVersion": 2,
  "requires": true,
  "packages": {
    "": {
      "dependencies": {
        "bcryptjs": "^2.4.3",
        "jsencrypt": "^3.3.1"
      }
    },
    "node_modules/bcryptjs": {
      "version": "2.4.3",
      "resolved": "https://registry.npmjs.org/bcryptjs/-/bcryptjs-2.4.3.tgz",
      "integrity": "sha512-V/Hy/X9Vt7f3BbPJEi8BdVFMByHi+jNXrYkW3huaybV/kQ0KJg0Y6PkEMbn+zeT+i+SiKZ/HMqJGIIt4LZDqNQ=="
    },
    "node_modules/jsencrypt": {
      "version": "3.3.1",
      "resolved": "https://registry.npmjs.org/jsencrypt/-/jsencrypt-3.3.1.tgz",
      "integrity": "sha512-dVvV54GdFuJgmEKn+oBiaifDMen4p6o6j/lJh0OVMcouME8sST0bJ7bldIgKBQk4za0zyGn0/pm4vOznR25mLw=="
    }
  },
  "dependencies": {
    "bcryptjs": {
      "version": "2.4.3",
      "resolved": "https://registry.npmjs.org/bcryptjs/-/bcryptjs-2.4.3.tgz",
      "integrity": "sha512-V/Hy/X9Vt7f3BbPJEi8BdVFMByHi+jNXrYkW3huaybV/kQ0KJg0Y6PkEMbn+zeT+i+SiKZ/HMqJGIIt4LZDqNQ=="
    },
    "jsencrypt": {
      "version": "3.3.1",
      "resolved": "https://registry.npmjs.org/jsencrypt/-/jsencrypt-3.3.1.tgz",
      "integrity": "sha512-dVvV54GdFuJgmEKn+oBiaifDMen4p6o6j/lJh0OVMcouME8sST0bJ7bldIgKBQk4za0zyGn0/pm4vOznR25mLw=="
    }
  }
}
